
Microsoft Visual Studio Solution File, Format Version 12.00
# Visual Studio Version 17
VisualStudioVersion = 17.4.33110.190
MinimumVisualStudioVersion = 10.0.40219.1
Project("{FAE04EC0-301F-11D3-BF4B-00C04F79EFBC}") = "ChatBox_Mid10", "ChatBox_Mid10\ChatBox_Mid10.csproj", "{39283EA0-CD03-474C-B547-40288DAB95E7}"
EndProject
Global
	GlobalSection(SolutionConfigurationPlatforms) = preSolution
		Debug|Any CPU = Debug|Any CPU
		Release|Any CPU = Release|Any CPU
	EndGlobalSection
	GlobalSection(ProjectConfigurationPlatforms) = postSolution
		{39283EA0-CD03-474C-B547-40288DAB95E7}.Debug|Any CPU.ActiveCfg = Debug|Any CPU
		{39283EA0-CD03-474C-B547-40288DAB95E7}.Debug|Any CPU.Build.0 = Debug|Any CPU
		{39283EA0-CD03-474C-B547-40288DAB95E7}.Release|Any CPU.ActiveCfg = Release|Any CPU
		{39283EA0-CD03-474C-B547-40288DAB95E7}.Release|Any CPU.Build.0 = Release|Any CPU
	EndGlobalSection
	GlobalSection(SolutionProperties) = preSolution
		HideSolutionNode = FALSE
	EndGlobalSection
	GlobalSection(ExtensibilityGlobals) = postSolution
		SolutionGuid = {671B9E1D-0593-434F-BE1C-311CDC2CA6CA}
	EndGlobalSection
EndGlobal
